// !$*UTF8*$!
{
	archiveVersion = 1;
	classes = {
	};
	objectVersion = 56;
	objects = {

/* Begin PBXBuildFile section */
		64BE1DC22936E490004D8052 /* AppDelegate.swift in Sources */ = {isa = PBXBuildFile; fileRef = 64BE1DC12936E490004D8052 /* AppDelegate.swift */; };
		64BE1DC42936E490004D8052 /* SceneDelegate.swift in Sources */ = {isa = PBXBuildFile; fileRef = 64BE1DC32936E490004D8052 /* SceneDelegate.swift */; };
		64BE1DC62936E490004D8052 /* DashboardViewController.swift in Sources */ = {isa = PBXBuildFile; fileRef = 64BE1DC52936E490004D8052 /* DashboardViewController.swift */; };
		64BE1DCB2936E491004D8052 /* Assets.xcassets in Resources */ = {isa = PBXBuildFile; fileRef = 64BE1DCA2936E491004D8052 /* Assets.xcassets */; };
		64BE1DCE2936E491004D8052 /* LaunchScreen.storyboard in Resources */ = {isa = PBXBuildFile; fileRef = 64BE1DCC2936E491004D8052 /* LaunchScreen.storyboard */; };
		64BE1DD92936E491004D8052 /* AnimalAppTests.swift in Sources */ = {isa = PBXBuildFile; fileRef = 64BE1DD82936E491004D8052 /* AnimalAppTests.swift */; };
		64BE1DE32936E491004D8052 /* AnimalAppUITests.swift in Sources */ = {isa = PBXBuildFile; fileRef = 64BE1DE22936E491004D8052 /* AnimalAppUITests.swift */; };
		64BE1DE52936E491004D8052 /* AnimalAppUITestsLaunchTests.swift in Sources */ = {isa = PBXBuildFile; fileRef = 64BE1DE42936E491004D8052 /* AnimalAppUITestsLaunchTests.swift */; };
		64BE1DF72936E678004D8052 /* DashboardView.swift in Sources */ = {isa = PBXBuildFile; fileRef = 64BE1DF62936E678004D8052 /* DashboardView.swift */; };
		64BE1DF92936E696004D8052 /* ConfigurableView.swift in Sources */ = {isa = PBXBuildFile; fileRef = 64BE1DF82936E696004D8052 /* ConfigurableView.swift */; };
		64BE1DFD2936E996004D8052 /* DashboardViewCell.swift in Sources */ = {isa = PBXBuildFile; fileRef = 64BE1DFC2936E996004D8052 /* DashboardViewCell.swift */; };
		64BE1DFF29398432004D8052 /* DashboardViewModel.swift in Sources */ = {isa = PBXBuildFile; fileRef = 64BE1DFE29398432004D8052 /* DashboardViewModel.swift */; };
		64BE1E01293984B2004D8052 /* AnimalRaceModel.swift in Sources */ = {isa = PBXBuildFile; fileRef = 64BE1E00293984B2004D8052 /* AnimalRaceModel.swift */; };
		64BE1E03293AB449004D8052 /* Alert.swift in Sources */ = {isa = PBXBuildFile; fileRef = 64BE1E02293AB449004D8052 /* Alert.swift */; };
/* End PBXBuildFile section */

/* Begin PBXContainerItemProxy section */
		64BE1DD52936E491004D8052 /* PBXContainerItemProxy */ = {
			isa = PBXContainerItemProxy;
			containerPortal = 64BE1DB62936E490004D8052 /* Project object */;
			proxyType = 1;
			remoteGlobalIDString = 64BE1DBD2936E490004D8052;
			remoteInfo = AnimalApp;
		};
		64BE1DDF2936E491004D8052 /* PBXContainerItemProxy */ = {
			isa = PBXContainerItemProxy;
			containerPortal = 64BE1DB62936E490004D8052 /* Project object */;
			proxyType = 1;
			remoteGlobalIDString = 64BE1DBD2936E490004D8052;
			remoteInfo = AnimalApp;
		};
/* End PBXContainerItemProxy section */

/* Begin PBXFileReference section */
		64BE1DBE2936E490004D8052 /* AnimalApp.app */ = {isa = PBXFileReference; explicitFileType = wrapper.application; includeInIndex = 0; path = AnimalApp.app; sourceTree = BUILT_PRODUCTS_DIR; };
		64BE1DC12936E490004D8052 /* AppDelegate.swift */ = {isa = PBXFileReference; lastKnownFileType = sourcecode.swift; path = AppDelegate.swift; sourceTree = "<group>"; };
		64BE1DC32936E490004D8052 /* SceneDelegate.swift */ = {isa = PBXFileReference; lastKnownFileType = sourcecode.swift; path = SceneDelegate.swift; sourceTree = "<group>"; };
		64BE1DC52936E490004D8052 /* DashboardViewController.swift */ = {isa = PBXFileReference; lastKnownFileType = sourcecode.swift; path = DashboardViewController.swift; sourceTree = "<group>"; };
		64BE1DCA2936E491004D8052 /* Assets.xcassets */ = {isa = PBXFileReference; lastKnownFileType = folder.assetcatalog; path = Assets.xcassets; sourceTree = "<group>"; };
		64BE1DCD2936E491004D8052 /* Base */ = {isa = PBXFileReference; lastKnownFileType = file.storyboard; name = Base; path = Base.lproj/LaunchScreen.storyboard; sourceTree = "<group>"; };
		64BE1DCF2936E491004D8052 /* Info.plist */ = {isa = PBXFileReference; lastKnownFileType = text.plist.xml; path = Info.plist; sourceTree = "<group>"; };
		64BE1DD42936E491004D8052 /* AnimalAppTests.xctest */ = {isa = PBXFileReference; explicitFileType = wrapper.cfbundle; includeInIndex = 0; path = AnimalAppTests.xctest; sourceTree = BUILT_PRODUCTS_DIR; };
		64BE1DD82936E491004D8052 /* AnimalAppTests.swift */ = {isa = PBXFileReference; lastKnownFileType = sourcecode.swift; path = AnimalAppTests.swift; sourceTree = "<group>"; };
		64BE1DDE2936E491004D8052 /* AnimalAppUITests.xctest */ = {isa = PBXFileReference; explicitFileType = wrapper.cfbundle; includeInIndex = 0; path = AnimalAppUITests.xctest; sourceTree = BUILT_PRODUCTS_DIR; };
		64BE1DE22936E491004D8052 /* AnimalAppUITests.swift */ = {isa = PBXFileReference; lastKnownFileType = sourcecode.swift; path = AnimalAppUITests.swift; sourceTree = "<group>"; };
		64BE1DE42936E491004D8052 /* AnimalAppUITestsLaunchTests.swift */ = {isa = PBXFileReference; lastKnownFileType = sourcecode.swift; path = AnimalAppUITestsLaunchTests.swift; sourceTree = "<group>"; };
		64BE1DF62936E678004D8052 /* DashboardView.swift */ = {isa = PBXFileReference; lastKnownFileType = sourcecode.swift; path = DashboardView.swift; sourceTree = "<group>"; };
		64BE1DF82936E696004D8052 /* ConfigurableView.swift */ = {isa = PBXFileReference; lastKnownFileType = sourcecode.swift; path = ConfigurableView.swift; sourceTree = "<group>"; };
		64BE1DFC2936E996004D8052 /* DashboardViewCell.swift */ = {isa = PBXFileReference; lastKnownFileType = sourcecode.swift; path = DashboardViewCell.swift; sourceTree = "<group>"; };
		64BE1DFE29398432004D8052 /* DashboardViewModel.swift */ = {isa = PBXFileReference; lastKnownFileType = sourcecode.swift; path = DashboardViewModel.swift; sourceTree = "<group>"; };
		64BE1E00293984B2004D8052 /* AnimalRaceModel.swift */ = {isa = PBXFileReference; lastKnownFileType = sourcecode.swift; path = AnimalRaceModel.swift; sourceTree = "<group>"; };
		64BE1E02293AB449004D8052 /* Alert.swift */ = {isa = PBXFileReference; lastKnownFileType = sourcecode.swift; path = Alert.swift; sourceTree = "<group>"; };
/* End PBXFileReference section */

/* Begin PBXFrameworksBuildPhase section */
		64BE1DBB2936E490004D8052 /* Frameworks */ = {
			isa = PBXFrameworksBuildPhase;
			buildActionMask = 2147483647;
			files = (
			);
			runOnlyForDeploymentPostprocessing = 0;
		};
		64BE1DD12936E491004D8052 /* Frameworks */ = {
			isa = PBXFrameworksBuildPhase;
			buildActionMask = 2147483647;
			files = (
			);
			runOnlyForDeploymentPostprocessing = 0;
		};
		64BE1DDB2936E491004D8052 /* Frameworks */ = {
			isa = PBXFrameworksBuildPhase;
			buildActionMask = 2147483647;
			files = (
			);
			runOnlyForDeploymentPostprocessing = 0;
		};
/* End PBXFrameworksBuildPhase section */

/* Begin PBXGroup section */
		64BE1DB52936E490004D8052 = {
			isa = PBXGroup;
			children = (
				64BE1DC02936E490004D8052 /* AnimalApp */,
				64BE1DD72936E491004D8052 /* AnimalAppTests */,
				64BE1DE12936E491004D8052 /* AnimalAppUITests */,
				64BE1DBF2936E490004D8052 /* Products */,
			);
			sourceTree = "<group>";
		};
		64BE1DBF2936E490004D8052 /* Products */ = {
			isa = PBXGroup;
			children = (
				64BE1DBE2936E490004D8052 /* AnimalApp.app */,
				64BE1DD42936E491004D8052 /* AnimalAppTests.xctest */,
				64BE1DDE2936E491004D8052 /* AnimalAppUITests.xctest */,
			);
			name = Products;
			sourceTree = "<group>";
		};
		64BE1DC02936E490004D8052 /* AnimalApp */ = {
			isa = PBXGroup;
			children = (
				64BE1DF52936E5C3004D8052 /* Utility */,
				64BE1DF42936E5B9004D8052 /* Model */,
				64BE1DF32936E5B0004D8052 /* ViewModel */,
				64BE1DF22936E5AA004D8052 /* View */,
				64BE1DF12936E4B4004D8052 /* Support */,
				64BE1DCF2936E491004D8052 /* Info.plist */,
			);
			path = AnimalApp;
			sourceTree = "<group>";
		};
		64BE1DD72936E491004D8052 /* AnimalAppTests */ = {
			isa = PBXGroup;
			children = (
				64BE1DD82936E491004D8052 /* AnimalAppTests.swift */,
			);
			path = AnimalAppTests;
			sourceTree = "<group>";
		};
		64BE1DE12936E491004D8052 /* AnimalAppUITests */ = {
			isa = PBXGroup;
			children = (
				64BE1DE22936E491004D8052 /* AnimalAppUITests.swift */,
				64BE1DE42936E491004D8052 /* AnimalAppUITestsLaunchTests.swift */,
			);
			path = AnimalAppUITests;
			sourceTree = "<group>";
		};
		64BE1DF12936E4B4004D8052 /* Support */ = {
			isa = PBXGroup;
			children = (
				64BE1DC12936E490004D8052 /* AppDelegate.swift */,
				64BE1DC32936E490004D8052 /* SceneDelegate.swift */,
				64BE1DCA2936E491004D8052 /* Assets.xcassets */,
				64BE1DCC2936E491004D8052 /* LaunchScreen.storyboard */,
			);
			path = Support;
			sourceTree = "<group>";
		};
		64BE1DF22936E5AA004D8052 /* View */ = {
			isa = PBXGroup;
			children = (
				64BE1DFA2936E8F9004D8052 /* Dashboard */,
				64BE1DC52936E490004D8052 /* DashboardViewController.swift */,
				64BE1DF62936E678004D8052 /* DashboardView.swift */,
			);
			path = View;
			sourceTree = "<group>";
		};
		64BE1DF32936E5B0004D8052 /* ViewModel */ = {
			isa = PBXGroup;
			children = (
				64BE1DFE29398432004D8052 /* DashboardViewModel.swift */,
			);
			path = ViewModel;
			sourceTree = "<group>";
		};
		64BE1DF42936E5B9004D8052 /* Model */ = {
			isa = PBXGroup;
			children = (
				64BE1E00293984B2004D8052 /* AnimalRaceModel.swift */,
			);
			path = Model;
			sourceTree = "<group>";
		};
		64BE1DF52936E5C3004D8052 /* Utility */ = {
			isa = PBXGroup;
			children = (
				64BE1DF82936E696004D8052 /* ConfigurableView.swift */,
				64BE1E02293AB449004D8052 /* Alert.swift */,
			);
			path = Utility;
			sourceTree = "<group>";
		};
		64BE1DFA2936E8F9004D8052 /* Dashboard */ = {
			isa = PBXGroup;
			children = (
				64BE1DFB2936E96E004D8052 /* Cell */,
			);
			path = Dashboard;
			sourceTree = "<group>";
		};
		64BE1DFB2936E96E004D8052 /* Cell */ = {
			isa = PBXGroup;
			children = (
				64BE1DFC2936E996004D8052 /* DashboardViewCell.swift */,
			);
			path = Cell;
			sourceTree = "<group>";
		};
/* End PBXGroup section */

/* Begin PBXNativeTarget section */
		64BE1DBD2936E490004D8052 /* AnimalApp */ = {
			isa = PBXNativeTarget;
			buildConfigurationList = 64BE1DE82936E491004D8052 /* Build configuration list for PBXNativeTarget "AnimalApp" */;
			buildPhases = (
				64BE1DBA2936E490004D8052 /* Sources */,
				64BE1DBB2936E490004D8052 /* Frameworks */,
				64BE1DBC2936E490004D8052 /* Resources */,
			);
			buildRules = (
			);
			dependencies = (
			);
			name = AnimalApp;
			productName = AnimalApp;
			productReference = 64BE1DBE2936E490004D8052 /* AnimalApp.app */;
			productType = "com.apple.product-type.application";
		};
		64BE1DD32936E491004D8052 /* AnimalAppTests */ = {
			isa = PBXNativeTarget;
			buildConfigurationList = 64BE1DEB2936E491004D8052 /* Build configuration list for PBXNativeTarget "AnimalAppTests" */;
			buildPhases = (
				64BE1DD02936E491004D8052 /* Sources */,
				64BE1DD12936E491004D8052 /* Frameworks */,
				64BE1DD22936E491004D8052 /* Resources */,
			);
			buildRules = (
			);
			dependencies = (
				64BE1DD62936E491004D8052 /* PBXTargetDependency */,
			);
			name = AnimalAppTests;
			productName = AnimalAppTests;
			productReference = 64BE1DD42936E491004D8052 /* AnimalAppTests.xctest */;
			productType = "com.apple.product-type.bundle.unit-test";
		};
		64BE1DDD2936E491004D8052 /* AnimalAppUITests */ = {
			isa = PBXNativeTarget;
			buildConfigurationList = 64BE1DEE2936E491004D8052 /* Build configuration list for PBXNativeTarget "AnimalAppUITests" */;
			buildPhases = (
				64BE1DDA2936E491004D8052 /* Sources */,
				64BE1DDB2936E491004D8052 /* Frameworks */,
				64BE1DDC2936E491004D8052 /* Resources */,
			);
			buildRules = (
			);
			dependencies = (
				64BE1DE02936E491004D8052 /* PBXTargetDependency */,
			);
			name = AnimalAppUITests;
			productName = AnimalAppUITests;
			productReference = 64BE1DDE2936E491004D8052 /* AnimalAppUITests.xctest */;
			productType = "com.apple.product-type.bundle.ui-testing";
		};
/* End PBXNativeTarget section */

/* Begin PBXProject section */
		64BE1DB62936E490004D8052 /* Project object */ = {
			isa = PBXProject;
			attributes = {
				BuildIndependentTargetsInParallel = 1;
				LastSwiftUpdateCheck = 1400;
				LastUpgradeCheck = 1400;
				TargetAttributes = {
					64BE1DBD2936E490004D8052 = {
						CreatedOnToolsVersion = 14.0.1;
					};
					64BE1DD32936E491004D8052 = {
						CreatedOnToolsVersion = 14.0.1;
						TestTargetID = 64BE1DBD2936E490004D8052;
					};
					64BE1DDD2936E491004D8052 = {
						CreatedOnToolsVersion = 14.0.1;
						TestTargetID = 64BE1DBD2936E490004D8052;
					};
				};
			};
			buildConfigurationList = 64BE1DB92936E490004D8052 /* Build configuration list for PBXProject "AnimalApp" */;
			compatibilityVersion = "Xcode 14.0";
			developmentRegion = en;
			hasScannedForEncodings = 0;
			knownRegions = (
				en,
				Base,
			);
			mainGroup = 64BE1DB52936E490004D8052;
			productRefGroup = 64BE1DBF2936E490004D8052 /* Products */;
			projectDirPath = "";
			projectRoot = "";
			targets = (
				64BE1DBD2936E490004D8052 /* AnimalApp */,
				64BE1DD32936E491004D8052 /* AnimalAppTests */,
				64BE1DDD2936E491004D8052 /* AnimalAppUITests */,
			);
		};
/* End PBXProject section */

/* Begin PBXResourcesBuildPhase section */
		64BE1DBC2936E490004D8052 /* Resources */ = {
			isa = PBXResourcesBuildPhase;
			buildActionMask = 2147483647;
			files = (
				64BE1DCE2936E491004D8052 /* LaunchScreen.storyboard in Resources */,
				64BE1DCB2936E491004D8052 /* Assets.xcassets in Resources */,
			);
			runOnlyForDeploymentPostprocessing = 0;
		};
		64BE1DD22936E491004D8052 /* Resources */ = {
			isa = PBXResourcesBuildPhase;
			buildActionMask = 2147483647;
			files = (
			);
			runOnlyForDeploymentPostprocessing = 0;
		};
		64BE1DDC2936E491004D8052 /* Resources */ = {
			isa = PBXResourcesBuildPhase;
			buildActionMask = 2147483647;
			files = (
			);
			runOnlyForDeploymentPostprocessing = 0;
		};
/* End PBXResourcesBuildPhase section */

/* Begin PBXSourcesBuildPhase section */
		64BE1DBA2936E490004D8052 /* Sources */ = {
			isa = PBXSourcesBuildPhase;
			buildActionMask = 2147483647;
			files = (
				64BE1E03293AB449004D8052 /* Alert.swift in Sources */,
				64BE1DF92936E696004D8052 /* ConfigurableView.swift in Sources */,
				64BE1DC62936E490004D8052 /* DashboardViewController.swift in Sources */,
				64BE1DF72936E678004D8052 /* DashboardView.swift in Sources */,
				64BE1DFD2936E996004D8052 /* DashboardViewCell.swift in Sources */,
				64BE1DC22936E490004D8052 /* AppDelegate.swift in Sources */,
				64BE1DC42936E490004D8052 /* SceneDelegate.swift in Sources */,
				64BE1E01293984B2004D8052 /* AnimalRaceModel.swift in Sources */,
				64BE1DFF29398432004D8052 /* DashboardViewModel.swift in Sources */,
			);
			runOnlyForDeploymentPostprocessing = 0;
		};
		64BE1DD02936E491004D8052 /* Sources */ = {
			isa = PBXSourcesBuildPhase;
			buildActionMask = 2147483647;
			files = (
				64BE1DD92936E491004D8052 /* AnimalAppTests.swift in Sources */,
			);
			runOnlyForDeploymentPostprocessing = 0;
		};
		64BE1DDA2936E491004D8052 /* Sources */ = {
			isa = PBXSourcesBuildPhase;
			buildActionMask = 2147483647;
			files = (
				64BE1DE52936E491004D8052 /* AnimalAppUITestsLaunchTests.swift in Sources */,
				64BE1DE32936E491004D8052 /* AnimalAppUITests.swift in Sources */,
			);
			runOnlyForDeploymentPostprocessing = 0;
		};
/* End PBXSourcesBuildPhase section */

/* Begin PBXTargetDependency section */
		64BE1DD62936E491004D8052 /* PBXTargetDependency */ = {
			isa = PBXTargetDependency;
			target = 64BE1DBD2936E490004D8052 /* AnimalApp */;
			targetProxy = 64BE1DD52936E491004D8052 /* PBXContainerItemProxy */;
		};
		64BE1DE02936E491004D8052 /* PBXTargetDependency */ = {
			isa = PBXTargetDependency;
			target = 64BE1DBD2936E490004D8052 /* AnimalApp */;
			targetProxy = 64BE1DDF2936E491004D8052 /* PBXContainerItemProxy */;
		};
/* End PBXTargetDependency section */

/* Begin PBXVariantGroup section */
		64BE1DCC2936E491004D8052 /* LaunchScreen.storyboard */ = {
			isa = PBXVariantGroup;
			children = (
				64BE1DCD2936E491004D8052 /* Base */,
			);
			name = LaunchScreen.storyboard;
			sourceTree = "<group>";
		};
/* End PBXVariantGroup section */

/* Begin XCBuildConfiguration section */
		64BE1DE62936E491004D8052 /* Debug */ = {
			isa = XCBuildConfiguration;
			buildSettings = {
				ALWAYS_SEARCH_USER_PATHS = NO;
				CLANG_ANALYZER_NONNULL = YES;
				CLANG_ANALYZER_NUMBER_OBJECT_CONVERSION = YES_AGGRESSIVE;
				CLANG_CXX_LANGUAGE_STANDARD = "gnu++20";
				CLANG_ENABLE_MODULES = YES;
				CLANG_ENABLE_OBJC_ARC = YES;
				CLANG_ENABLE_OBJC_WEAK = YES;
				CLANG_WARN_BLOCK_CAPTURE_AUTORELEASING = YES;
				CLANG_WARN_BOOL_CONVERSION = YES;
				CLANG_WARN_COMMA = YES;
				CLANG_WARN_CONSTANT_CONVERSION = YES;
				CLANG_WARN_DEPRECATED_OBJC_IMPLEMENTATIONS = YES;
				CLANG_WARN_DIRECT_OBJC_ISA_USAGE = YES_ERROR;
				CLANG_WARN_DOCUMENTATION_COMMENTS = YES;
				CLANG_WARN_EMPTY_BODY = YES;
				CLANG_WARN_ENUM_CONVERSION = YES;
				CLANG_WARN_INFINITE_RECURSION = YES;
				CLANG_WARN_INT_CONVERSION = YES;
				CLANG_WARN_NON_LITERAL_NULL_CONVERSION = YES;
				CLANG_WARN_OBJC_IMPLICIT_RETAIN_SELF = YES;
				CLANG_WARN_OBJC_LITERAL_CONVERSION = YES;
				CLANG_WARN_OBJC_ROOT_CLASS = YES_ERROR;
				CLANG_WARN_QUOTED_INCLUDE_IN_FRAMEWORK_HEADER = YES;
				CLANG_WARN_RANGE_LOOP_ANALYSIS = YES;
				CLANG_WARN_STRICT_PROTOTYPES = YES;
				CLANG_WARN_SUSPICIOUS_MOVE = YES;
				CLANG_WARN_UNGUARDED_AVAILABILITY = YES_AGGRESSIVE;
				CLANG_WARN_UNREACHABLE_CODE = YES;
				CLANG_WARN__DUPLICATE_METHOD_MATCH = YES;
				COPY_PHASE_STRIP = NO;
				DEBUG_INFORMATION_FORMAT = dwarf;
				ENABLE_STRICT_OBJC_MSGSEND = YES;
				ENABLE_TESTABILITY = YES;
				GCC_C_LANGUAGE_STANDARD = gnu11;
				GCC_DYNAMIC_NO_PIC = NO;
				GCC_NO_COMMON_BLOCKS = YES;
				GCC_OPTIMIZATION_LEVEL = 0;
				GCC_PREPROCESSOR_DEFINITIONS = (
					"DEBUG=1",
					"$(inherited)",
				);
				GCC_WARN_64_TO_32_BIT_CONVERSION = YES;
				GCC_WARN_ABOUT_RETURN_TYPE = YES_ERROR;
				GCC_WARN_UNDECLARED_SELECTOR = YES;
				GCC_WARN_UNINITIALIZED_AUTOS = YES_AGGRESSIVE;
				GCC_WARN_UNUSED_FUNCTION = YES;
				GCC_WARN_UNUSED_VARIABLE = YES;
				IPHONEOS_DEPLOYMENT_TARGET = 16.0;
				MTL_ENABLE_DEBUG_INFO = INCLUDE_SOURCE;
				MTL_FAST_MATH = YES;
				ONLY_ACTIVE_ARCH = YES;
				SDKROOT = iphoneos;
				SWIFT_ACTIVE_COMPILATION_CONDITIONS = DEBUG;
				SWIFT_OPTIMIZATION_LEVEL = "-Onone";
			};
			name = Debug;
		};
		64BE1DE72936E491004D8052 /* Release */ = {
			isa = XCBuildConfiguration;
			buildSettings = {
				ALWAYS_SEARCH_USER_PATHS = NO;
				CLANG_ANALYZER_NONNULL = YES;
				CLANG_ANALYZER_NUMBER_OBJECT_CONVERSION = YES_AGGRESSIVE;
				CLANG_CXX_LANGUAGE_STANDARD = "gnu++20";
				CLANG_ENABLE_MODULES = YES;
				CLANG_ENABLE_OBJC_ARC = YES;
				CLANG_ENABLE_OBJC_WEAK = YES;
				CLANG_WARN_BLOCK_CAPTURE_AUTORELEASING = YES;
				CLANG_WARN_BOOL_CONVERSION = YES;
				CLANG_WARN_COMMA = YES;
				CLANG_WARN_CONSTANT_CONVERSION = YES;
				CLANG_WARN_DEPRECATED_OBJC_IMPLEMENTATIONS = YES;
				CLANG_WARN_DIRECT_OBJC_ISA_USAGE = YES_ERROR;
				CLANG_WARN_DOCUMENTATION_COMMENTS = YES;
				CLANG_WARN_EMPTY_BODY = YES;
				CLANG_WARN_ENUM_CONVERSION = YES;
				CLANG_WARN_INFINITE_RECURSION = YES;
				CLANG_WARN_INT_CONVERSION = YES;
				CLANG_WARN_NON_LITERAL_NULL_CONVERSION = YES;
				CLANG_WARN_OBJC_IMPLICIT_RETAIN_SELF = YES;
				CLANG_WARN_OBJC_LITERAL_CONVERSION = YES;
				CLANG_WARN_OBJC_ROOT_CLASS = YES_ERROR;
				CLANG_WARN_QUOTED_INCLUDE_IN_FRAMEWORK_HEADER = YES;
				CLANG_WARN_RANGE_LOOP_ANALYSIS = YES;
				CLANG_WARN_STRICT_PROTOTYPES = YES;
				CLANG_WARN_SUSPICIOUS_MOVE = YES;
				CLANG_WARN_UNGUARDED_AVAILABILITY = YES_AGGRESSIVE;
				CLANG_WARN_UNREACHABLE_CODE = YES;
				CLANG_WARN__DUPLICATE_METHOD_MATCH = YES;
				COPY_PHASE_STRIP = NO;
				DEBUG_INFORMATION_FORMAT = "dwarf-with-dsym";
				ENABLE_NS_ASSERTIONS = NO;
				ENABLE_STRICT_OBJC_MSGSEND = YES;
				GCC_C_LANGUAGE_STANDARD = gnu11;
				GCC_NO_COMMON_BLOCKS = YES;
				GCC_WARN_64_TO_32_BIT_CONVERSION = YES;
				GCC_WARN_ABOUT_RETURN_TYPE = YES_ERROR;
				GCC_WARN_UNDECLARED_SELECTOR = YES;
				GCC_WARN_UNINITIALIZED_AUTOS = YES_AGGRESSIVE;
				GCC_WARN_UNUSED_FUNCTION = YES;
				GCC_WARN_UNUSED_VARIABLE = YES;
				IPHONEOS_DEPLOYMENT_TARGET = 16.0;
				MTL_ENABLE_DEBUG_INFO = NO;
				MTL_FAST_MATH = YES;
				SDKROOT = iphoneos;
				SWIFT_COMPILATION_MODE = wholemodule;
				SWIFT_OPTIMIZATION_LEVEL = "-O";
				VALIDATE_PRODUCT = YES;
			};
			name = Release;
		};
		64BE1DE92936E491004D8052 /* Debug */ = {
			isa = XCBuildConfiguration;
			buildSettings = {
				ASSETCATALOG_COMPILER_APPICON_NAME = AppIcon;
				ASSETCATALOG_COMPILER_GLOBAL_ACCENT_COLOR_NAME = AccentColor;
				CODE_SIGN_STYLE = Automatic;
				CURRENT_PROJECT_VERSION = 1;
				GENERATE_INFOPLIST_FILE = YES;
				INFOPLIST_FILE = AnimalApp/Info.plist;
				INFOPLIST_KEY_UIApplicationSupportsIndirectInputEvents = YES;
				INFOPLIST_KEY_UILaunchStoryboardName = LaunchScreen;
				INFOPLIST_KEY_UISupportedInterfaceOrientations_iPad = "UIInterfaceOrientationPortrait UIInterfaceOrientationPortraitUpsideDown UIInterfaceOrientationLandscapeLeft UIInterfaceOrientationLandscapeRight";
				INFOPLIST_KEY_UISupportedInterfaceOrientations_iPhone = "UIInterfaceOrientationPortrait UIInterfaceOrientationLandscapeLeft UIInterfaceOrientationLandscapeRight";
				LD_RUNPATH_SEARCH_PATHS = (
					"$(inherited)",
					"@executable_path/Frameworks",
				);
				MARKETING_VERSION = 1.0;
				PRODUCT_BUNDLE_IDENTIFIER = com.raphael.AnimalApp;
				PRODUCT_NAME = "$(TARGET_NAME)";
				SWIFT_EMIT_LOC_STRINGS = YES;
				SWIFT_VERSION = 5.0;
				TARGETED_DEVICE_FAMILY = "1,2";
			};
			name = Debug;
		};
		64BE1DEA2936E491004D8052 /* Release */ = {
			isa = XCBuildConfiguration;
			buildSettings = {
				ASSETCATALOG_COMPILER_APPICON_NAME = AppIcon;
				ASSETCATALOG_COMPILER_GLOBAL_ACCENT_COLOR_NAME = AccentColor;
				CODE_SIGN_STYLE = Automatic;
				CURRENT_PROJECT_VERSION = 1;
				GENERATE_INFOPLIST_FILE = YES;
				INFOPLIST_FILE = AnimalApp/Info.plist;
				INFOPLIST_KEY_UIApplicationSupportsIndirectInputEvents = YES;
				INFOPLIST_KEY_UILaunchStoryboardName = LaunchScreen;
				INFOPLIST_KEY_UISupportedInterfaceOrientations_iPad = "UIInterfaceOrientationPortrait UIInterfaceOrientationPortraitUpsideDown UIInterfaceOrientationLandscapeLeft UIInterfaceOrientationLandscapeRight";
				INFOPLIST_KEY_UISupportedInterfaceOrientations_iPhone = "UIInterfaceOrientationPortrait UIInterfaceOrientationLandscapeLeft UIInterfaceOrientationLandscapeRight";
				LD_RUNPATH_SEARCH_PATHS = (
					"$(inherited)",
					"@executable_path/Frameworks",
				);
				MARKETING_VERSION = 1.0;
				PRODUCT_BUNDLE_IDENTIFIER = com.raphael.AnimalApp;
				PRODUCT_NAME = "$(TARGET_NAME)";
				SWIFT_EMIT_LOC_STRINGS = YES;
				SWIFT_VERSION = 5.0;
				TARGETED_DEVICE_FAMILY = "1,2";
			};
			name = Release;
		};
		64BE1DEC2936E491004D8052 /* Debug */ = {
			isa = XCBuildConfiguration;
			buildSettings = {
				ALWAYS_EMBED_SWIFT_STANDARD_LIBRARIES = YES;
				BUNDLE_LOADER = "$(TEST_HOST)";
				CODE_SIGN_STYLE = Automatic;
				CURRENT_PROJECT_VERSION = 1;
				GENERATE_INFOPLIST_FILE = YES;
				IPHONEOS_DEPLOYMENT_TARGET = 16.0;
				MARKETING_VERSION = 1.0;
				PRODUCT_BUNDLE_IDENTIFIER = com.raphael.AnimalAppTests;
				PRODUCT_NAME = "$(TARGET_NAME)";
				SWIFT_EMIT_LOC_STRINGS = NO;
				SWIFT_VERSION = 5.0;
				TARGETED_DEVICE_FAMILY = "1,2";
				TEST_HOST = "$(BUILT_PRODUCTS_DIR)/AnimalApp.app/$(BUNDLE_EXECUTABLE_FOLDER_PATH)/AnimalApp";
			};
			name = Debug;
		};
		64BE1DED2936E491004D8052 /* Release */ = {
			isa = XCBuildConfiguration;
			buildSettings = {
				ALWAYS_EMBED_SWIFT_STANDARD_LIBRARIES = YES;
				BUNDLE_LOADER = "$(TEST_HOST)";
				CODE_SIGN_STYLE = Automatic;
				CURRENT_PROJECT_VERSION = 1;
				GENERATE_INFOPLIST_FILE = YES;
				IPHONEOS_DEPLOYMENT_TARGET = 16.0;
				MARKETING_VERSION = 1.0;
				PRODUCT_BUNDLE_IDENTIFIER = com.raphael.AnimalAppTests;
				PRODUCT_NAME = "$(TARGET_NAME)";
				SWIFT_EMIT_LOC_STRINGS = NO;
				SWIFT_VERSION = 5.0;
				TARGETED_DEVICE_FAMILY = "1,2";
				TEST_HOST = "$(BUILT_PRODUCTS_DIR)/AnimalApp.app/$(BUNDLE_EXECUTABLE_FOLDER_PATH)/AnimalApp";
			};
			name = Release;
		};
		64BE1DEF2936E491004D8052 /* Debug */ = {
			isa = XCBuildConfiguration;
			buildSettings = {
				ALWAYS_EMBED_SWIFT_STANDARD_LIBRARIES = YES;
				CODE_SIGN_STYLE = Automatic;
				CURRENT_PROJECT_VERSION = 1;
				GENERATE_INFOPLIST_FILE = YES;
				MARKETING_VERSION = 1.0;
				PRODUCT_BUNDLE_IDENTIFIER = com.raphael.AnimalAppUITests;
				PRODUCT_NAME = "$(TARGET_NAME)";
				SWIFT_EMIT_LOC_STRINGS = NO;
				SWIFT_VERSION = 5.0;
				TARGETED_DEVICE_FAMILY = "1,2";
				TEST_TARGET_NAME = AnimalApp;
			};
			name = Debug;
		};
		64BE1DF02936E491004D8052 /* Release */ = {
			isa = XCBuildConfiguration;
			buildSettings = {
				ALWAYS_EMBED_SWIFT_STANDARD_LIBRARIES = YES;
				CODE_SIGN_STYLE = Automatic;
				CURRENT_PROJECT_VERSION = 1;
				GENERATE_INFOPLIST_FILE = YES;
				MARKETING_VERSION = 1.0;
				PRODUCT_BUNDLE_IDENTIFIER = com.raphael.AnimalAppUITests;
				PRODUCT_NAME = "$(TARGET_NAME)";
				SWIFT_EMIT_LOC_STRINGS = NO;
				SWIFT_VERSION = 5.0;
				TARGETED_DEVICE_FAMILY = "1,2";
				TEST_TARGET_NAME = AnimalApp;
			};
			name = Release;
		};
/* End XCBuildConfiguration section */

/* Begin XCConfigurationList section */
		64BE1DB92936E490004D8052 /* Build configuration list for PBXProject "AnimalApp" */ = {
			isa = XCConfigurationList;
			buildConfigurations = (
				64BE1DE62936E491004D8052 /* Debug */,
				64BE1DE72936E491004D8052 /* Release */,
			);
			defaultConfigurationIsVisible = 0;
			defaultConfigurationName = Release;
		};
		64BE1DE82936E491004D8052 /* Build configuration list for PBXNativeTarget "AnimalApp" */ = {
			isa = XCConfigurationList;
			buildConfigurations = (
				64BE1DE92936E491004D8052 /* Debug */,
				64BE1DEA2936E491004D8052 /* Release */,
			);
			defaultConfigurationIsVisible = 0;
			defaultConfigurationName = Release;
		};
		64BE1DEB2936E491004D8052 /* Build configuration list for PBXNativeTarget "AnimalAppTests" */ = {
			isa = XCConfigurationList;
			buildConfigurations = (
				64BE1DEC2936E491004D8052 /* Debug */,
				64BE1DED2936E491004D8052 /* Release */,
			);
			defaultConfigurationIsVisible = 0;
			defaultConfigurationName = Release;
		};
		64BE1DEE2936E491004D8052 /* Build configuration list for PBXNativeTarget "AnimalAppUITests" */ = {
			isa = XCConfigurationList;
			buildConfigurations = (
				64BE1DEF2936E491004D8052 /* Debug */,
				64BE1DF02936E491004D8052 /* Release */,
			);
			defaultConfigurationIsVisible = 0;
			defaultConfigurationName = Release;
		};
/* End XCConfigurationList section */
	};
	rootObject = 64BE1DB62936E490004D8052 /* Project object */;
}
